<?xml version="1.0" encoding="utf-8"?>
<Project ToolsVersion="15.0" xmlns="http://schemas.microsoft.com/developer/msbuild/2003">
  <ItemGroup>
    <ClCompile Include="C:\SAM-Development\sam\api\src\ErrorHandler.cpp">
      <Filter>Source Files</Filter>
    </ClCompile>
    <ClCompile Include="C:\SAM-Development\sam\api\src\SAM_AdjustmentFactors.cpp">
      <Filter>Source Files</Filter>
    </ClCompile>
    <ClCompile Include="C:\SAM-Development\sam\api\src\SAM_Battery.cpp">
      <Filter>Source Files</Filter>
    </ClCompile>
    <ClCompile Include="C:\SAM-Development\sam\api\src\SAM_Battwatts.cpp">
      <Filter>Source Files</Filter>
    </ClCompile>
    <ClCompile Include="C:\SAM-Development\sam\api\src\SAM_Belpe.cpp">
      <Filter>Source Files</Filter>
    </ClCompile>
    <ClCompile Include="C:\SAM-Development\sam\api\src\SAM_Biomass.cpp">
      <Filter>Source Files</Filter>
    </ClCompile>
    <ClCompile Include="C:\SAM-Development\sam\api\src\SAM_Cashloan.cpp">
      <Filter>Source Files</Filter>
    </ClCompile>
    <ClCompile Include="C:\SAM-Development\sam\api\src\SAM_Equpartflip.cpp">
      <Filter>Source Files</Filter>
    </ClCompile>
    <ClCompile Include="C:\SAM-Development\sam\api\src\SAM_Fuelcell.cpp">
      <Filter>Source Files</Filter>
    </ClCompile>
    <ClCompile Include="C:\SAM-Development\sam\api\src\SAM_GenericSystem.cpp">
      <Filter>Source Files</Filter>
    </ClCompile>
    <ClCompile Include="C:\SAM-Development\sam\api\src\SAM_Geothermal.cpp">
      <Filter>Source Files</Filter>
    </ClCompile>
    <ClCompile Include="C:\SAM-Development\sam\api\src\SAM_Grid.cpp">
      <Filter>Source Files</Filter>
    </ClCompile>
    <ClCompile Include="C:\SAM-Development\sam\api\src\SAM_Hcpv.cpp">
      <Filter>Source Files</Filter>
    </ClCompile>
    <ClCompile Include="C:\SAM-Development\sam\api\src\SAM_HostDeveloper.cpp">
      <Filter>Source Files</Filter>
    </ClCompile>
    <ClCompile Include="C:\SAM-Development\sam\api\src\SAM_IphToLcoefcr.cpp">
      <Filter>Source Files</Filter>
    </ClCompile>
    <ClCompile Include="C:\SAM-Development\sam\api\src\SAM_Lcoefcr.cpp">
      <Filter>Source Files</Filter>
    </ClCompile>
    <ClCompile Include="C:\SAM-Development\sam\api\src\SAM_Levpartflip.cpp">
      <Filter>Source Files</Filter>
    </ClCompile>
    <ClCompile Include="C:\SAM-Development\sam\api\src\SAM_LinearFresnelDsgIph.cpp">
      <Filter>Source Files</Filter>
    </ClCompile>
    <ClCompile Include="C:\SAM-Development\sam\api\src\SAM_MhkTidal.cpp">
      <Filter>Source Files</Filter>
    </ClCompile>
    <ClCompile Include="C:\SAM-Development\sam\api\src\SAM_MhkWave.cpp">
      <Filter>Source Files</Filter>
    </ClCompile>
    <ClCompile Include="C:\SAM-Development\sam\api\src\SAM_Pvsamv1.cpp">
      <Filter>Source Files</Filter>
    </ClCompile>
    <ClCompile Include="C:\SAM-Development\sam\api\src\SAM_Pvwattsv5.cpp">
      <Filter>Source Files</Filter>
    </ClCompile>
    <ClCompile Include="C:\SAM-Development\sam\api\src\SAM_Pvwattsv5Lifetime.cpp">
      <Filter>Source Files</Filter>
    </ClCompile>
    <ClCompile Include="C:\SAM-Development\sam\api\src\SAM_Saleleaseback.cpp">
      <Filter>Source Files</Filter>
    </ClCompile>
    <ClCompile Include="C:\SAM-Development\sam\api\src\SAM_Sco2AirCooler.cpp">
      <Filter>Source Files</Filter>
    </ClCompile>
    <ClCompile Include="C:\SAM-Development\sam\api\src\SAM_Sco2CspSystem.cpp">
      <Filter>Source Files</Filter>
    </ClCompile>
    <ClCompile Include="C:\SAM-Development\sam\api\src\SAM_Sco2CspUdPcTables.cpp">
      <Filter>Source Files</Filter>
    </ClCompile>
    <ClCompile Include="C:\SAM-Development\sam\api\src\SAM_Sco2DesignCycle.cpp">
      <Filter>Source Files</Filter>
    </ClCompile>
    <ClCompile Include="C:\SAM-Development\sam\api\src\SAM_Sco2DesignPoint.cpp">
      <Filter>Source Files</Filter>
    </ClCompile>
    <ClCompile Include="C:\SAM-Development\sam\api\src\SAM_Sco2Offdesign.cpp">
      <Filter>Source Files</Filter>
    </ClCompile>
    <ClCompile Include="C:\SAM-Development\sam\api\src\SAM_Singleowner.cpp">
      <Filter>Source Files</Filter>
    </ClCompile>
    <ClCompile Include="C:\SAM-Development\sam\api\src\SAM_Swh.cpp">
      <Filter>Source Files</Filter>
    </ClCompile>
    <ClCompile Include="C:\SAM-Development\sam\api\src\SAM_TcsMSLF.cpp">
      <Filter>Source Files</Filter>
    </ClCompile>
    <ClCompile Include="C:\SAM-Development\sam\api\src\SAM_TcsdirectSteam.cpp">
      <Filter>Source Files</Filter>
    </ClCompile>
    <ClCompile Include="C:\SAM-Development\sam\api\src\SAM_Tcsdish.cpp">
      <Filter>Source Files</Filter>
    </ClCompile>
    <ClCompile Include="C:\SAM-Development\sam\api\src\SAM_TcsgenericSolar.cpp">
      <Filter>Source Files</Filter>
    </ClCompile>
    <ClCompile Include="C:\SAM-Development\sam\api\src\SAM_Tcsiscc.cpp">
      <Filter>Source Files</Filter>
    </ClCompile>
    <ClCompile Include="C:\SAM-Development\sam\api\src\SAM_TcslinearFresnel.cpp">
      <Filter>Source Files</Filter>
    </ClCompile>
    <ClCompile Include="C:\SAM-Development\sam\api\src\SAM_TcsmoltenSalt.cpp">
      <Filter>Source Files</Filter>
    </ClCompile>
    <ClCompile Include="C:\SAM-Development\sam\api\src\SAM_TcstroughEmpirical.cpp">
      <Filter>Source Files</Filter>
    </ClCompile>
    <ClCompile Include="C:\SAM-Development\sam\api\src\SAM_TcstroughPhysical.cpp">
      <Filter>Source Files</Filter>
    </ClCompile>
    <ClCompile Include="C:\SAM-Development\sam\api\src\SAM_Thermalrate.cpp">
      <Filter>Source Files</Filter>
    </ClCompile>
    <ClCompile Include="C:\SAM-Development\sam\api\src\SAM_Thirdpartyownership.cpp">
      <Filter>Source Files</Filter>
    </ClCompile>
    <ClCompile Include="C:\SAM-Development\sam\api\src\SAM_TroughPhysical.cpp">
      <Filter>Source Files</Filter>
    </ClCompile>
    <ClCompile Include="C:\SAM-Development\sam\api\src\SAM_TroughPhysicalProcessHeat.cpp">
      <Filter>Source Files</Filter>
    </ClCompile>
    <ClCompile Include="C:\SAM-Development\sam\api\src\SAM_Utilityrate5.cpp">
      <Filter>Source Files</Filter>
    </ClCompile>
    <ClCompile Include="C:\SAM-Development\sam\api\src\SAM_Windpower.cpp">
      <Filter>Source Files</Filter>
    </ClCompile>
    <ClCompile Include="C:\SAM-Development\sam\api\src\SAM_api.cpp">
      <Filter>Source Files</Filter>
    </ClCompile>
    <ClCompile Include="C:\SAM-Development\sam\api\src\SAM_eqns.cpp">
      <Filter>Source Files</Filter>
    </ClCompile>
    <ClCompile Include="C:\SAM-Development\sam\ssc\ssc\vartab.cpp">
      <Filter>Source Files</Filter>
    </ClCompile>
    <ClCompile Include="C:\SAM-Development\sam\ssc\shared\lib_util.cpp">
      <Filter>Source Files</Filter>
    </ClCompile>
  </ItemGroup>
  <ItemGroup>
    <ClInclude Include="C:\SAM-Development\sam\api\include\visibility.h">
      <Filter>Header Files</Filter>
    </ClInclude>
  </ItemGroup>
  <ItemGroup>
    <CustomBuild Include="C:\SAM-Development\sam\api\CMakeLists.txt" />
  </ItemGroup>
  <ItemGroup>
    <Filter Include="Header Files">
      <UniqueIdentifier>{7F7628DD-7F9D-3C86-8627-885C533456D8}</UniqueIdentifier>
    </Filter>
    <Filter Include="Source Files">
      <UniqueIdentifier>{582DB3CE-CCD2-351C-A2DF-16A8689AD4CC}</UniqueIdentifier>
    </Filter>
  </ItemGroup>
</Project>
