Microsoft Visual Studio Solution File, Format Version 12.00
# Visual Studio 15
Project("{8BC9CEB8-8B4A-11D0-8D11-00A0C91BC942}") = "ALL_BUILD", "ALL_BUILD.vcxproj", "{4ACE4A68-747F-37C3-9674-F86A44C2A0A5}"
	ProjectSection(ProjectDependencies) = postProject
		{9D4C4F2A-D04B-3795-870D-B80765618B48} = {9D4C4F2A-D04B-3795-870D-B80765618B48}
		{F69CA312-88E1-3849-824F-7F1059464153} = {F69CA312-88E1-3849-824F-7F1059464153}
		{D37666A0-8A22-3657-B526-C095AE6A6642} = {D37666A0-8A22-3657-B526-C095AE6A6642}
	EndProjectSection
EndProject
Project("{8BC9CEB8-8B4A-11D0-8D11-00A0C91BC942}") = "ZERO_CHECK", "..\\ZERO_CHECK.vcxproj", "{9D4C4F2A-D04B-3795-870D-B80765618B48}"
	ProjectSection(ProjectDependencies) = postProject
	EndProjectSection
EndProject
Project("{8BC9CEB8-8B4A-11D0-8D11-00A0C91BC942}") = "lk", "lk.vcxproj", "{F69CA312-88E1-3849-824F-7F1059464153}"
	ProjectSection(ProjectDependencies) = postProject
		{9D4C4F2A-D04B-3795-870D-B80765618B48} = {9D4C4F2A-D04B-3795-870D-B80765618B48}
	EndProjectSection
EndProject
Project("{8BC9CEB8-8B4A-11D0-8D11-00A0C91BC942}") = "lk_sandbox", "lk_sandbox.vcxproj", "{D37666A0-8A22-3657-B526-C095AE6A6642}"
	ProjectSection(ProjectDependencies) = postProject
		{9D4C4F2A-D04B-3795-870D-B80765618B48} = {9D4C4F2A-D04B-3795-870D-B80765618B48}
		{F69CA312-88E1-3849-824F-7F1059464153} = {F69CA312-88E1-3849-824F-7F1059464153}
	EndProjectSection
EndProject
Global
	GlobalSection(SolutionConfigurationPlatforms) = preSolution
		Debug|x64 = Debug|x64
		Release|x64 = Release|x64
	EndGlobalSection
	GlobalSection(ProjectConfigurationPlatforms) = postSolution
		{4ACE4A68-747F-37C3-9674-F86A44C2A0A5}.Debug|x64.ActiveCfg = Debug|x64
		{4ACE4A68-747F-37C3-9674-F86A44C2A0A5}.Release|x64.ActiveCfg = Release|x64
		{9D4C4F2A-D04B-3795-870D-B80765618B48}.Debug|x64.ActiveCfg = Debug|x64
		{9D4C4F2A-D04B-3795-870D-B80765618B48}.Debug|x64.Build.0 = Debug|x64
		{9D4C4F2A-D04B-3795-870D-B80765618B48}.Release|x64.ActiveCfg = Release|x64
		{9D4C4F2A-D04B-3795-870D-B80765618B48}.Release|x64.Build.0 = Release|x64
		{F69CA312-88E1-3849-824F-7F1059464153}.Debug|x64.ActiveCfg = Debug|x64
		{F69CA312-88E1-3849-824F-7F1059464153}.Debug|x64.Build.0 = Debug|x64
		{F69CA312-88E1-3849-824F-7F1059464153}.Release|x64.ActiveCfg = Release|x64
		{F69CA312-88E1-3849-824F-7F1059464153}.Release|x64.Build.0 = Release|x64
		{D37666A0-8A22-3657-B526-C095AE6A6642}.Debug|x64.ActiveCfg = Debug|x64
		{D37666A0-8A22-3657-B526-C095AE6A6642}.Debug|x64.Build.0 = Debug|x64
		{D37666A0-8A22-3657-B526-C095AE6A6642}.Release|x64.ActiveCfg = Release|x64
		{D37666A0-8A22-3657-B526-C095AE6A6642}.Release|x64.Build.0 = Release|x64
	EndGlobalSection
	GlobalSection(ExtensibilityGlobals) = postSolution
		SolutionGuid = {FD81E827-8548-3D11-99D2-76650CC410C7}
	EndGlobalSection
	GlobalSection(ExtensibilityAddIns) = postSolution
	EndGlobalSection
EndGlobal
