<?xml version="1.0" encoding="utf-8"?>
<Project ToolsVersion="15.0" xmlns="http://schemas.microsoft.com/developer/msbuild/2003">
  <ItemGroup>
    <ClCompile Include="C:\SAM-Development\sam\src\variables.cpp">
      <Filter>Source Files</Filter>
    </ClCompile>
    <ClCompile Include="C:\SAM-Development\sam\src\equations.cpp">
      <Filter>Source Files</Filter>
    </ClCompile>
    <ClCompile Include="C:\SAM-Development\sam\ssc\shared\lib_util.cpp">
      <Filter>Source Files</Filter>
    </ClCompile>
    <ClCompile Include="C:\SAM-Development\sam\api\api_autogen\export_config.cpp">
      <Filter>Source Files</Filter>
    </ClCompile>
    <ClCompile Include="C:\SAM-Development\sam\api\api_autogen\startup_extractor.cpp">
      <Filter>Source Files</Filter>
    </ClCompile>
    <ClCompile Include="C:\SAM-Development\sam\api\api_autogen\ui_form_extractor.cpp">
      <Filter>Source Files</Filter>
    </ClCompile>
    <ClCompile Include="C:\SAM-Development\sam\api\api_autogen\equation_extractor.cpp">
      <Filter>Source Files</Filter>
    </ClCompile>
    <ClCompile Include="C:\SAM-Development\sam\api\api_autogen\data_structures.cpp">
      <Filter>Source Files</Filter>
    </ClCompile>
    <ClCompile Include="C:\SAM-Development\sam\api\api_autogen\config_extractor.cpp">
      <Filter>Source Files</Filter>
    </ClCompile>
    <ClCompile Include="C:\SAM-Development\sam\api\api_autogen\callback_extractor.cpp">
      <Filter>Source Files</Filter>
    </ClCompile>
    <ClCompile Include="C:\SAM-Development\sam\api\api_autogen\variable_graph.cpp">
      <Filter>Source Files</Filter>
    </ClCompile>
    <ClCompile Include="C:\SAM-Development\sam\api\api_autogen\test.cpp">
      <Filter>Source Files</Filter>
    </ClCompile>
    <ClCompile Include="C:\SAM-Development\sam\api\api_autogen\builder_generator.cpp">
      <Filter>Source Files</Filter>
    </ClCompile>
    <ClCompile Include="C:\SAM-Development\sam\api\api_autogen\lk_eval.cpp">
      <Filter>Source Files</Filter>
    </ClCompile>
    <ClCompile Include="C:\SAM-Development\sam\api\api_autogen\builder_generator_helper.cpp">
      <Filter>Source Files</Filter>
    </ClCompile>
    <ClCompile Include="C:\SAM-Development\sam\api\api_autogen\builder_C_API.cpp">
      <Filter>Source Files</Filter>
    </ClCompile>
    <ClCompile Include="C:\SAM-Development\sam\api\api_autogen\builder_PySAM.cpp">
      <Filter>Source Files</Filter>
    </ClCompile>
  </ItemGroup>
  <ItemGroup>
    <ClInclude Include="C:\SAM-Development\sam\api\api_autogen\export_config.h">
      <Filter>Header Files</Filter>
    </ClInclude>
    <ClInclude Include="C:\SAM-Development\sam\api\api_autogen\startup_extractor.h">
      <Filter>Header Files</Filter>
    </ClInclude>
    <ClInclude Include="C:\SAM-Development\sam\api\api_autogen\ui_form_extractor.h">
      <Filter>Header Files</Filter>
    </ClInclude>
    <ClInclude Include="C:\SAM-Development\sam\api\api_autogen\equation_extractor.h">
      <Filter>Header Files</Filter>
    </ClInclude>
    <ClInclude Include="C:\SAM-Development\sam\api\api_autogen\lk_env.h">
      <Filter>Header Files</Filter>
    </ClInclude>
    <ClInclude Include="C:\SAM-Development\sam\api\api_autogen\data_structures.h">
      <Filter>Header Files</Filter>
    </ClInclude>
    <ClInclude Include="C:\SAM-Development\sam\api\api_autogen\config_extractor.h">
      <Filter>Header Files</Filter>
    </ClInclude>
    <ClInclude Include="C:\SAM-Development\sam\api\api_autogen\callback_extractor.h">
      <Filter>Header Files</Filter>
    </ClInclude>
    <ClInclude Include="C:\SAM-Development\sam\api\api_autogen\variable_graph.h">
      <Filter>Header Files</Filter>
    </ClInclude>
    <ClInclude Include="C:\SAM-Development\sam\api\api_autogen\test.h">
      <Filter>Header Files</Filter>
    </ClInclude>
    <ClInclude Include="C:\SAM-Development\sam\api\api_autogen\builder_generator.h">
      <Filter>Header Files</Filter>
    </ClInclude>
    <ClInclude Include="C:\SAM-Development\sam\api\api_autogen\lk_eval.h">
      <Filter>Header Files</Filter>
    </ClInclude>
    <ClInclude Include="C:\SAM-Development\sam\api\api_autogen\builder_generator_helper.h">
      <Filter>Header Files</Filter>
    </ClInclude>
    <ClInclude Include="C:\SAM-Development\sam\api\api_autogen\builder_C_API.h">
      <Filter>Header Files</Filter>
    </ClInclude>
    <ClInclude Include="C:\SAM-Development\sam\api\api_autogen\builder_PySAM.h">
      <Filter>Header Files</Filter>
    </ClInclude>
  </ItemGroup>
  <ItemGroup>
    <CustomBuild Include="C:\SAM-Development\sam\api\api_autogen\CMakeLists.txt" />
  </ItemGroup>
  <ItemGroup>
    <Filter Include="Header Files">
      <UniqueIdentifier>{7F7628DD-7F9D-3C86-8627-885C533456D8}</UniqueIdentifier>
    </Filter>
    <Filter Include="Source Files">
      <UniqueIdentifier>{582DB3CE-CCD2-351C-A2DF-16A8689AD4CC}</UniqueIdentifier>
    </Filter>
  </ItemGroup>
</Project>
