<?xml version="1.0" encoding="utf-8"?>
<Project ToolsVersion="15.0" xmlns="http://schemas.microsoft.com/developer/msbuild/2003">
  <ItemGroup>
    <CustomBuild Include="C:\SAM-Development\sam\build_msvc\CMakeFiles\ea50ec0b18f959c06147545fd1b8ad0c\generate.stamp.rule">
      <Filter>CMake Rules</Filter>
    </CustomBuild>
  </ItemGroup>
  <ItemGroup>
    <Filter Include="CMake Rules">
      <UniqueIdentifier>{1D3C97DE-2E5E-3DB9-B926-0FC737657B3E}</UniqueIdentifier>
    </Filter>
  </ItemGroup>
</Project>
