<?xml version="1.0" encoding="utf-8"?>
<Project ToolsVersion="15.0" xmlns="http://schemas.microsoft.com/developer/msbuild/2003">
  <ItemGroup>
    <ClCompile Include="C:\SAM-Development\sam\ssc\tcsconsole\tcsscript.cpp">
      <Filter>Source Files</Filter>
    </ClCompile>
    <ClCompile Include="C:\SAM-Development\sam\ssc\tcsconsole\tcsmain.cpp">
      <Filter>Source Files</Filter>
    </ClCompile>
    <ClCompile Include="C:\SAM-Development\sam\ssc\tcsconsole\tcslayout.cpp">
      <Filter>Source Files</Filter>
    </ClCompile>
  </ItemGroup>
  <ItemGroup>
    <CustomBuild Include="C:\SAM-Development\sam\ssc\tcsconsole\CMakeLists.txt" />
  </ItemGroup>
  <ItemGroup>
    <Filter Include="Source Files">
      <UniqueIdentifier>{582DB3CE-CCD2-351C-A2DF-16A8689AD4CC}</UniqueIdentifier>
    </Filter>
  </ItemGroup>
</Project>
