<?xml version="1.0" encoding="utf-8"?>
<Project ToolsVersion="4.0" xmlns="http://schemas.microsoft.com/developer/msbuild/2003">
  <ItemGroup>
    <Filter Include="plot">
      <UniqueIdentifier>{1339c60e-65e9-4692-99d5-a862817b0af9}</UniqueIdentifier>
    </Filter>
    <Filter Include="dview">
      <UniqueIdentifier>{6f779a69-d3f5-4063-a6bd-4fc1d1f0748b}</UniqueIdentifier>
    </Filter>
    <Filter Include="pdf">
      <UniqueIdentifier>{6bb4273b-65f1-4422-a193-1d94e0660a0a}</UniqueIdentifier>
    </Filter>
    <Filter Include="dview\Headers">
      <UniqueIdentifier>{511344da-daf5-4cee-88ba-a9796329bfcf}</UniqueIdentifier>
    </Filter>
    <Filter Include="dview\Sources">
      <UniqueIdentifier>{8ee70565-4b01-4f6a-8064-03f91b4cc65f}</UniqueIdentifier>
    </Filter>
    <Filter Include="pdf\Headers">
      <UniqueIdentifier>{49f8090b-5c8d-41ae-86fb-546d68c7b27d}</UniqueIdentifier>
    </Filter>
    <Filter Include="pdf\Sources">
      <UniqueIdentifier>{1bfcd206-b627-43a3-920c-dad1887856c8}</UniqueIdentifier>
    </Filter>
    <Filter Include="plot\Sources">
      <UniqueIdentifier>{abd1c27b-8807-4ebc-88a3-bb8068669fa7}</UniqueIdentifier>
    </Filter>
    <Filter Include="plot\Headers">
      <UniqueIdentifier>{2b7a8e3a-a656-4ae5-b13b-22fd82098c88}</UniqueIdentifier>
    </Filter>
    <Filter Include="ole">
      <UniqueIdentifier>{b948efdb-26ad-4600-bcd5-a48c7815d4a0}</UniqueIdentifier>
    </Filter>
    <Filter Include="ole\Sources">
      <UniqueIdentifier>{f87427a2-097a-4649-8b11-0bf9e4e2803f}</UniqueIdentifier>
    </Filter>
    <Filter Include="ole\Headers">
      <UniqueIdentifier>{7f166dbe-e9b1-4d4e-8308-4b68d45a897d}</UniqueIdentifier>
    </Filter>
    <Filter Include="wex">
      <UniqueIdentifier>{37250ffd-cc90-4e12-b8e3-2fb220a1d0f7}</UniqueIdentifier>
    </Filter>
    <Filter Include="wex\Headers">
      <UniqueIdentifier>{2798e152-c448-4086-a0f9-95e484fe00a5}</UniqueIdentifier>
    </Filter>
    <Filter Include="wex\Sources">
      <UniqueIdentifier>{0e3367e4-fb39-4a0d-84f4-4f013df69811}</UniqueIdentifier>
    </Filter>
    <Filter Include="plot\qhull">
      <UniqueIdentifier>{12e7d52b-edc2-483f-a92f-8f7a7334d2a6}</UniqueIdentifier>
    </Filter>
    <Filter Include="clipper">
      <UniqueIdentifier>{11454845-d10d-4a16-a8bc-bc79f49b8dee}</UniqueIdentifier>
    </Filter>
    <Filter Include="clipper\Headers">
      <UniqueIdentifier>{15f1b905-8099-40e8-8ce8-4437cd70e91a}</UniqueIdentifier>
    </Filter>
    <Filter Include="clipper\Sources">
      <UniqueIdentifier>{972810ee-8249-4ece-b307-54faeb6161fc}</UniqueIdentifier>
    </Filter>
    <Filter Include="freetype">
      <UniqueIdentifier>{011546af-c084-4bd7-9795-541dc656e5c5}</UniqueIdentifier>
    </Filter>
  </ItemGroup>
  <ItemGroup>
    <ClInclude Include="..\src\pdf\wxmemdbg.h">
      <Filter>pdf\Sources</Filter>
    </ClInclude>
    <ClInclude Include="..\include\wex\dview\dvautocolourassigner.h">
      <Filter>dview\Headers</Filter>
    </ClInclude>
    <ClInclude Include="..\include\wex\dview\dvdcctrl.h">
      <Filter>dview\Headers</Filter>
    </ClInclude>
    <ClInclude Include="..\include\wex\dview\dvdmapctrl.h">
      <Filter>dview\Headers</Filter>
    </ClInclude>
    <ClInclude Include="..\include\wex\dview\dvplotctrl.h">
      <Filter>dview\Headers</Filter>
    </ClInclude>
    <ClInclude Include="..\include\wex\dview\dvplotctrlsettings.h">
      <Filter>dview\Headers</Filter>
    </ClInclude>
    <ClInclude Include="..\include\wex\dview\dvplothelper.h">
      <Filter>dview\Headers</Filter>
    </ClInclude>
    <ClInclude Include="..\include\wex\dview\dvpncdfctrl.h">
      <Filter>dview\Headers</Filter>
    </ClInclude>
    <ClInclude Include="..\include\wex\dview\dvprofilectrl.h">
      <Filter>dview\Headers</Filter>
    </ClInclude>
    <ClInclude Include="..\include\wex\dview\dvscatterplotctrl.h">
      <Filter>dview\Headers</Filter>
    </ClInclude>
    <ClInclude Include="..\include\wex\dview\dvselectionlist.h">
      <Filter>dview\Headers</Filter>
    </ClInclude>
    <ClInclude Include="..\include\wex\dview\dvtimeseriesctrl.h">
      <Filter>dview\Headers</Filter>
    </ClInclude>
    <ClInclude Include="..\include\wex\dview\dvtimeseriesdataset.h">
      <Filter>dview\Headers</Filter>
    </ClInclude>
    <ClInclude Include="..\include\wex\ole\activex.h">
      <Filter>ole\Headers</Filter>
    </ClInclude>
    <ClInclude Include="..\include\wex\ole\excelauto.h">
      <Filter>ole\Headers</Filter>
    </ClInclude>
    <ClInclude Include="..\include\wex\ole\iehtmlwin.h">
      <Filter>ole\Headers</Filter>
    </ClInclude>
    <ClInclude Include="..\include\wex\pdf\pdfannotation.h">
      <Filter>pdf\Headers</Filter>
    </ClInclude>
    <ClInclude Include="..\include\wex\pdf\pdfarraydouble.h">
      <Filter>pdf\Headers</Filter>
    </ClInclude>
    <ClInclude Include="..\include\wex\pdf\pdfarraytypes.h">
      <Filter>pdf\Headers</Filter>
    </ClInclude>
    <ClInclude Include="..\include\wex\pdf\pdfbarcode.h">
      <Filter>pdf\Headers</Filter>
    </ClInclude>
    <ClInclude Include="..\include\wex\pdf\pdfbookmark.h">
      <Filter>pdf\Headers</Filter>
    </ClInclude>
    <ClInclude Include="..\include\wex\pdf\pdfcffdecoder.h">
      <Filter>pdf\Headers</Filter>
    </ClInclude>
    <ClInclude Include="..\include\wex\pdf\pdfcffindex.h">
      <Filter>pdf\Headers</Filter>
    </ClInclude>
    <ClInclude Include="..\include\wex\pdf\pdfcjkfontdata.h">
      <Filter>pdf\Headers</Filter>
    </ClInclude>
    <ClInclude Include="..\include\wex\pdf\pdfcolour.h">
      <Filter>pdf\Headers</Filter>
    </ClInclude>
    <ClInclude Include="..\include\wex\pdf\pdfcoonspatchmesh.h">
      <Filter>pdf\Headers</Filter>
    </ClInclude>
    <ClInclude Include="..\include\wex\pdf\pdfcorefontdata.h">
      <Filter>pdf\Headers</Filter>
    </ClInclude>
    <ClInclude Include="..\include\wex\pdf\pdfdc.h">
      <Filter>pdf\Headers</Filter>
    </ClInclude>
    <ClInclude Include="..\include\wex\pdf\pdfdc28.h">
      <Filter>pdf\Headers</Filter>
    </ClInclude>
    <ClInclude Include="..\include\wex\pdf\pdfdc29.h">
      <Filter>pdf\Headers</Filter>
    </ClInclude>
    <ClInclude Include="..\include\wex\pdf\pdfdoc.h">
      <Filter>pdf\Headers</Filter>
    </ClInclude>
    <ClInclude Include="..\include\wex\pdf\pdfdocdef.h">
      <Filter>pdf\Headers</Filter>
    </ClInclude>
    <ClInclude Include="..\include\wex\pdf\pdfdocument.h">
      <Filter>pdf\Headers</Filter>
    </ClInclude>
    <ClInclude Include="..\include\wex\pdf\pdfencoding.h">
      <Filter>pdf\Headers</Filter>
    </ClInclude>
    <ClInclude Include="..\include\wex\pdf\pdfencrypt.h">
      <Filter>pdf\Headers</Filter>
    </ClInclude>
    <ClInclude Include="..\include\wex\pdf\pdffont.h">
      <Filter>pdf\Headers</Filter>
    </ClInclude>
    <ClInclude Include="..\include\wex\pdf\pdffontdata.h">
      <Filter>pdf\Headers</Filter>
    </ClInclude>
    <ClInclude Include="..\include\wex\pdf\pdffontdatacore.h">
      <Filter>pdf\Headers</Filter>
    </ClInclude>
    <ClInclude Include="..\include\wex\pdf\pdffontdataopentype.h">
      <Filter>pdf\Headers</Filter>
    </ClInclude>
    <ClInclude Include="..\include\wex\pdf\pdffontdatatruetype.h">
      <Filter>pdf\Headers</Filter>
    </ClInclude>
    <ClInclude Include="..\include\wex\pdf\pdffontdatatype0.h">
      <Filter>pdf\Headers</Filter>
    </ClInclude>
    <ClInclude Include="..\include\wex\pdf\pdffontdatatype1.h">
      <Filter>pdf\Headers</Filter>
    </ClInclude>
    <ClInclude Include="..\include\wex\pdf\pdffontdescription.h">
      <Filter>pdf\Headers</Filter>
    </ClInclude>
    <ClInclude Include="..\include\wex\pdf\pdffontdetails.h">
      <Filter>pdf\Headers</Filter>
    </ClInclude>
    <ClInclude Include="..\include\wex\pdf\pdffontextended.h">
      <Filter>pdf\Headers</Filter>
    </ClInclude>
    <ClInclude Include="..\include\wex\pdf\pdffontmacosx.h">
      <Filter>pdf\Headers</Filter>
    </ClInclude>
    <ClInclude Include="..\include\wex\pdf\pdffontmanager.h">
      <Filter>pdf\Headers</Filter>
    </ClInclude>
    <ClInclude Include="..\include\wex\pdf\pdffontparser.h">
      <Filter>pdf\Headers</Filter>
    </ClInclude>
    <ClInclude Include="..\include\wex\pdf\pdffontparsertruetype.h">
      <Filter>pdf\Headers</Filter>
    </ClInclude>
    <ClInclude Include="..\include\wex\pdf\pdffontparsertype1.h">
      <Filter>pdf\Headers</Filter>
    </ClInclude>
    <ClInclude Include="..\include\wex\pdf\pdffontsubsetcff.h">
      <Filter>pdf\Headers</Filter>
    </ClInclude>
    <ClInclude Include="..\include\wex\pdf\pdffontsubsettruetype.h">
      <Filter>pdf\Headers</Filter>
    </ClInclude>
    <ClInclude Include="..\include\wex\pdf\pdffontvolt.h">
      <Filter>pdf\Headers</Filter>
    </ClInclude>
    <ClInclude Include="..\include\wex\pdf\pdfform.h">
      <Filter>pdf\Headers</Filter>
    </ClInclude>
    <ClInclude Include="..\include\wex\pdf\pdfgradient.h">
      <Filter>pdf\Headers</Filter>
    </ClInclude>
    <ClInclude Include="..\include\wex\pdf\pdfgraphics.h">
      <Filter>pdf\Headers</Filter>
    </ClInclude>
    <ClInclude Include="..\include\wex\pdf\pdfimage.h">
      <Filter>pdf\Headers</Filter>
    </ClInclude>
    <ClInclude Include="..\include\wex\pdf\pdfinfo.h">
      <Filter>pdf\Headers</Filter>
    </ClInclude>
    <ClInclude Include="..\include\wex\pdf\pdflayer.h">
      <Filter>pdf\Headers</Filter>
    </ClInclude>
    <ClInclude Include="..\include\wex\pdf\pdflinestyle.h">
      <Filter>pdf\Headers</Filter>
    </ClInclude>
    <ClInclude Include="..\include\wex\pdf\pdflinks.h">
      <Filter>pdf\Headers</Filter>
    </ClInclude>
    <ClInclude Include="..\include\wex\pdf\pdfobjects.h">
      <Filter>pdf\Headers</Filter>
    </ClInclude>
    <ClInclude Include="..\include\wex\pdf\pdfparser.h">
      <Filter>pdf\Headers</Filter>
    </ClInclude>
    <ClInclude Include="..\include\wex\pdf\pdfpattern.h">
      <Filter>pdf\Headers</Filter>
    </ClInclude>
    <ClInclude Include="..\include\wex\pdf\pdfprint.h">
      <Filter>pdf\Headers</Filter>
    </ClInclude>
    <ClInclude Include="..\include\wex\pdf\pdfproperties.h">
      <Filter>pdf\Headers</Filter>
    </ClInclude>
    <ClInclude Include="..\include\wex\pdf\pdfrijndael.h">
      <Filter>pdf\Headers</Filter>
    </ClInclude>
    <ClInclude Include="..\include\wex\pdf\pdfshape.h">
      <Filter>pdf\Headers</Filter>
    </ClInclude>
    <ClInclude Include="..\include\wex\pdf\pdfspotcolour.h">
      <Filter>pdf\Headers</Filter>
    </ClInclude>
    <ClInclude Include="..\include\wex\pdf\pdftemplate.h">
      <Filter>pdf\Headers</Filter>
    </ClInclude>
    <ClInclude Include="..\include\wex\pdf\pdfutility.h">
      <Filter>pdf\Headers</Filter>
    </ClInclude>
    <ClInclude Include="..\include\wex\pdf\pdfxml.h">
      <Filter>pdf\Headers</Filter>
    </ClInclude>
    <ClInclude Include="..\include\wex\plot\plaxis.h">
      <Filter>plot\Headers</Filter>
    </ClInclude>
    <ClInclude Include="..\include\wex\plot\plhistplot.h">
      <Filter>plot\Headers</Filter>
    </ClInclude>
    <ClInclude Include="..\include\wex\plot\pllineplot.h">
      <Filter>plot\Headers</Filter>
    </ClInclude>
    <ClInclude Include="..\include\wex\plot\plplotctrl.h">
      <Filter>plot\Headers</Filter>
    </ClInclude>
    <ClInclude Include="..\include\wex\plot\plscatterplot.h">
      <Filter>plot\Headers</Filter>
    </ClInclude>
    <ClInclude Include="..\include\wex\ribbonbook.h">
      <Filter>wex\Headers</Filter>
    </ClInclude>
    <ClInclude Include="..\include\wex\jsonreader.h">
      <Filter>wex\Headers</Filter>
    </ClInclude>
    <ClInclude Include="..\include\wex\jsonval.h">
      <Filter>wex\Headers</Filter>
    </ClInclude>
    <ClInclude Include="..\include\wex\jsonwriter.h">
      <Filter>wex\Headers</Filter>
    </ClInclude>
    <ClInclude Include="..\include\wex\numeric.h">
      <Filter>wex\Headers</Filter>
    </ClInclude>
    <ClInclude Include="..\include\wex\extgrid.h">
      <Filter>wex\Headers</Filter>
    </ClInclude>
    <ClInclude Include="..\include\wex\codeedit.h">
      <Filter>wex\Headers</Filter>
    </ClInclude>
    <ClInclude Include="..\include\wex\lkscript.h">
      <Filter>wex\Headers</Filter>
    </ClInclude>
    <ClInclude Include="..\include\wex\mtrand.h">
      <Filter>wex\Headers</Filter>
    </ClInclude>
    <ClInclude Include="..\include\wex\utils.h">
      <Filter>wex\Headers</Filter>
    </ClInclude>
    <ClInclude Include="..\include\wex\plot\plbarplot.h">
      <Filter>plot\Headers</Filter>
    </ClInclude>
    <ClInclude Include="..\include\wex\diurnal.h">
      <Filter>wex\Headers</Filter>
    </ClInclude>
    <ClInclude Include="..\include\wex\metro.h">
      <Filter>wex\Headers</Filter>
    </ClInclude>
    <ClInclude Include="..\include\wex\uiform.h">
      <Filter>wex\Headers</Filter>
    </ClInclude>
    <ClInclude Include="..\include\wex\exttext.h">
      <Filter>wex\Headers</Filter>
    </ClInclude>
    <ClInclude Include="..\include\wex\label.h">
      <Filter>wex\Headers</Filter>
    </ClInclude>
    <ClInclude Include="..\include\wex\csv.h">
      <Filter>wex\Headers</Filter>
    </ClInclude>
    <ClInclude Include="..\include\wex\radiochoice.h">
      <Filter>wex\Headers</Filter>
    </ClInclude>
    <ClInclude Include="..\include\wex\exttree.h">
      <Filter>wex\Headers</Filter>
    </ClInclude>
    <ClInclude Include="..\include\wex\dview\dvfilereader.h">
      <Filter>dview\Headers</Filter>
    </ClInclude>
    <ClInclude Include="..\include\wex\snaplay.h">
      <Filter>wex\Headers</Filter>
    </ClInclude>
    <ClInclude Include="..\include\wex\pagelayout.h">
      <Filter>wex\Headers</Filter>
    </ClInclude>
    <ClInclude Include="..\include\wex\pageobjects.h">
      <Filter>wex\Headers</Filter>
    </ClInclude>
    <ClInclude Include="..\include\wex\dview\dvstatisticstablectrl.h">
      <Filter>dview\Headers</Filter>
    </ClInclude>
    <ClInclude Include="..\include\wex\plot\plwindrose.h">
      <Filter>plot\Headers</Filter>
    </ClInclude>
    <ClInclude Include="..\include\wex\tpdlg.h">
      <Filter>wex\Headers</Filter>
    </ClInclude>
    <ClInclude Include="..\include\wex\plot\plcolourmap.h">
      <Filter>plot\Headers</Filter>
    </ClInclude>
    <ClInclude Include="..\include\wex\mswfatal.h">
      <Filter>wex\Headers</Filter>
    </ClInclude>
    <ClInclude Include="..\include\wex\dclatex.h">
      <Filter>wex\Headers</Filter>
    </ClInclude>
    <ClInclude Include="..\include\wex\plot\plplot.h">
      <Filter>plot\Headers</Filter>
    </ClInclude>
    <ClInclude Include="..\include\wex\plot\ploutdev.h">
      <Filter>plot\Headers</Filter>
    </ClInclude>
    <ClInclude Include="..\include\wex\easycurl.h">
      <Filter>wex\Headers</Filter>
    </ClInclude>
    <ClInclude Include="..\include\wex\plot\pltext.h">
      <Filter>plot\Headers</Filter>
    </ClInclude>
    <ClInclude Include="..\include\wex\gleasy.h">
      <Filter>wex\Headers</Filter>
    </ClInclude>
    <ClInclude Include="..\include\wex\plot\plcontourplot.h">
      <Filter>plot\Headers</Filter>
    </ClInclude>
    <ClInclude Include="..\include\wex\matrix.h">
      <Filter>wex\Headers</Filter>
    </ClInclude>
    <ClInclude Include="..\src\plot\mplcontour.h">
      <Filter>plot\Sources</Filter>
    </ClInclude>
    <ClInclude Include="..\src\plot\delaunay.h">
      <Filter>plot\Sources</Filter>
    </ClInclude>
    <ClInclude Include="..\src\plot\qhull\geom.h">
      <Filter>plot\qhull</Filter>
    </ClInclude>
    <ClInclude Include="..\src\plot\qhull\io.h">
      <Filter>plot\qhull</Filter>
    </ClInclude>
    <ClInclude Include="..\src\plot\qhull\libqhull.h">
      <Filter>plot\qhull</Filter>
    </ClInclude>
    <ClInclude Include="..\src\plot\qhull\mem.h">
      <Filter>plot\qhull</Filter>
    </ClInclude>
    <ClInclude Include="..\src\plot\qhull\merge.h">
      <Filter>plot\qhull</Filter>
    </ClInclude>
    <ClInclude Include="..\src\plot\qhull\poly.h">
      <Filter>plot\qhull</Filter>
    </ClInclude>
    <ClInclude Include="..\src\plot\qhull\qhull_a.h">
      <Filter>plot\qhull</Filter>
    </ClInclude>
    <ClInclude Include="..\src\plot\qhull\qset.h">
      <Filter>plot\qhull</Filter>
    </ClInclude>
    <ClInclude Include="..\src\plot\qhull\random.h">
      <Filter>plot\qhull</Filter>
    </ClInclude>
    <ClInclude Include="..\src\plot\qhull\stat.h">
      <Filter>plot\qhull</Filter>
    </ClInclude>
    <ClInclude Include="..\src\plot\qhull\user.h">
      <Filter>plot\qhull</Filter>
    </ClInclude>
    <ClInclude Include="..\include\wex\clipper\clipper.h">
      <Filter>clipper\Headers</Filter>
    </ClInclude>
    <ClInclude Include="..\include\wex\plot\plsectorplot.h">
      <Filter>plot\Headers</Filter>
    </ClInclude>
    <ClInclude Include="..\include\wex\plot\plannotation.h">
      <Filter>plot\Headers</Filter>
    </ClInclude>
    <ClInclude Include="..\include\wex\registration.h">
      <Filter>wex\Headers</Filter>
    </ClInclude>
  </ItemGroup>
  <ItemGroup>
    <ClCompile Include="..\src\dview\dvautocolourassigner.cpp">
      <Filter>dview\Sources</Filter>
    </ClCompile>
    <ClCompile Include="..\src\dview\dvdcctrl.cpp">
      <Filter>dview\Sources</Filter>
    </ClCompile>
    <ClCompile Include="..\src\dview\dvdmapctrl.cpp">
      <Filter>dview\Sources</Filter>
    </ClCompile>
    <ClCompile Include="..\src\dview\dvplotctrl.cpp">
      <Filter>dview\Sources</Filter>
    </ClCompile>
    <ClCompile Include="..\src\dview\dvplotctrlsettings.cpp">
      <Filter>dview\Sources</Filter>
    </ClCompile>
    <ClCompile Include="..\src\dview\dvplothelper.cpp">
      <Filter>dview\Sources</Filter>
    </ClCompile>
    <ClCompile Include="..\src\dview\dvpncdfctrl.cpp">
      <Filter>dview\Sources</Filter>
    </ClCompile>
    <ClCompile Include="..\src\dview\dvprofilectrl.cpp">
      <Filter>dview\Sources</Filter>
    </ClCompile>
    <ClCompile Include="..\src\dview\dvscatterplotctrl.cpp">
      <Filter>dview\Sources</Filter>
    </ClCompile>
    <ClCompile Include="..\src\dview\dvselectionlist.cpp">
      <Filter>dview\Sources</Filter>
    </ClCompile>
    <ClCompile Include="..\src\dview\dvtimeseriesctrl.cpp">
      <Filter>dview\Sources</Filter>
    </ClCompile>
    <ClCompile Include="..\src\dview\dvtimeseriesdataset.cpp">
      <Filter>dview\Sources</Filter>
    </ClCompile>
    <ClCompile Include="..\src\pdf\pdfannotation.cpp">
      <Filter>pdf\Sources</Filter>
    </ClCompile>
    <ClCompile Include="..\src\pdf\pdfbarcode.cpp">
      <Filter>pdf\Sources</Filter>
    </ClCompile>
    <ClCompile Include="..\src\pdf\pdfcffdecoder.cpp">
      <Filter>pdf\Sources</Filter>
    </ClCompile>
    <ClCompile Include="..\src\pdf\pdfcffindex.cpp">
      <Filter>pdf\Sources</Filter>
    </ClCompile>
    <ClCompile Include="..\src\pdf\pdfcolour.cpp">
      <Filter>pdf\Sources</Filter>
    </ClCompile>
    <ClCompile Include="..\src\pdf\pdfdc.cpp">
      <Filter>pdf\Sources</Filter>
    </ClCompile>
    <ClCompile Include="..\src\pdf\pdfdecode.cpp">
      <Filter>pdf\Sources</Filter>
    </ClCompile>
    <ClCompile Include="..\src\pdf\pdfdocument.cpp">
      <Filter>pdf\Sources</Filter>
    </ClCompile>
    <ClCompile Include="..\src\pdf\pdfencoding.cpp">
      <Filter>pdf\Sources</Filter>
    </ClCompile>
    <ClCompile Include="..\src\pdf\pdfencrypt.cpp">
      <Filter>pdf\Sources</Filter>
    </ClCompile>
    <ClCompile Include="..\src\pdf\pdffont.cpp">
      <Filter>pdf\Sources</Filter>
    </ClCompile>
    <ClCompile Include="..\src\pdf\pdffontdata.cpp">
      <Filter>pdf\Sources</Filter>
    </ClCompile>
    <ClCompile Include="..\src\pdf\pdffontdatacore.cpp">
      <Filter>pdf\Sources</Filter>
    </ClCompile>
    <ClCompile Include="..\src\pdf\pdffontdataopentype.cpp">
      <Filter>pdf\Sources</Filter>
    </ClCompile>
    <ClCompile Include="..\src\pdf\pdffontdatatruetype.cpp">
      <Filter>pdf\Sources</Filter>
    </ClCompile>
    <ClCompile Include="..\src\pdf\pdffontdatatype0.cpp">
      <Filter>pdf\Sources</Filter>
    </ClCompile>
    <ClCompile Include="..\src\pdf\pdffontdatatype1.cpp">
      <Filter>pdf\Sources</Filter>
    </ClCompile>
    <ClCompile Include="..\src\pdf\pdffontdescription.cpp">
      <Filter>pdf\Sources</Filter>
    </ClCompile>
    <ClCompile Include="..\src\pdf\pdffontdetails.cpp">
      <Filter>pdf\Sources</Filter>
    </ClCompile>
    <ClCompile Include="..\src\pdf\pdffontextended.cpp">
      <Filter>pdf\Sources</Filter>
    </ClCompile>
    <ClCompile Include="..\src\pdf\pdffontmanager.cpp">
      <Filter>pdf\Sources</Filter>
    </ClCompile>
    <ClCompile Include="..\src\pdf\pdffontparser.cpp">
      <Filter>pdf\Sources</Filter>
    </ClCompile>
    <ClCompile Include="..\src\pdf\pdffontparsertruetype.cpp">
      <Filter>pdf\Sources</Filter>
    </ClCompile>
    <ClCompile Include="..\src\pdf\pdffontparsertype1.cpp">
      <Filter>pdf\Sources</Filter>
    </ClCompile>
    <ClCompile Include="..\src\pdf\pdffontsubsetcff.cpp">
      <Filter>pdf\Sources</Filter>
    </ClCompile>
    <ClCompile Include="..\src\pdf\pdffontsubsettruetype.cpp">
      <Filter>pdf\Sources</Filter>
    </ClCompile>
    <ClCompile Include="..\src\pdf\pdffontvolt.cpp">
      <Filter>pdf\Sources</Filter>
    </ClCompile>
    <ClCompile Include="..\src\pdf\pdfform.cpp">
      <Filter>pdf\Sources</Filter>
    </ClCompile>
    <ClCompile Include="..\src\pdf\pdfgradient.cpp">
      <Filter>pdf\Sources</Filter>
    </ClCompile>
    <ClCompile Include="..\src\pdf\pdfgraphics.cpp">
      <Filter>pdf\Sources</Filter>
    </ClCompile>
    <ClCompile Include="..\src\pdf\pdfimage.cpp">
      <Filter>pdf\Sources</Filter>
    </ClCompile>
    <ClCompile Include="..\src\pdf\pdfkernel.cpp">
      <Filter>pdf\Sources</Filter>
    </ClCompile>
    <ClCompile Include="..\src\pdf\pdflayer.cpp">
      <Filter>pdf\Sources</Filter>
    </ClCompile>
    <ClCompile Include="..\src\pdf\pdfobjects.cpp">
      <Filter>pdf\Sources</Filter>
    </ClCompile>
    <ClCompile Include="..\src\pdf\pdfocg.cpp">
      <Filter>pdf\Sources</Filter>
    </ClCompile>
    <ClCompile Include="..\src\pdf\pdfparser.cpp">
      <Filter>pdf\Sources</Filter>
    </ClCompile>
    <ClCompile Include="..\src\pdf\pdfpattern.cpp">
      <Filter>pdf\Sources</Filter>
    </ClCompile>
    <ClCompile Include="..\src\pdf\pdfprint.cpp">
      <Filter>pdf\Sources</Filter>
    </ClCompile>
    <ClCompile Include="..\src\pdf\pdfrijndael.cpp">
      <Filter>pdf\Sources</Filter>
    </ClCompile>
    <ClCompile Include="..\src\pdf\pdftemplate.cpp">
      <Filter>pdf\Sources</Filter>
    </ClCompile>
    <ClCompile Include="..\src\pdf\pdfutility.cpp">
      <Filter>pdf\Sources</Filter>
    </ClCompile>
    <ClCompile Include="..\src\pdf\pdfxml.cpp">
      <Filter>pdf\Sources</Filter>
    </ClCompile>
    <ClCompile Include="..\src\plot\plaxis.cpp">
      <Filter>plot\Sources</Filter>
    </ClCompile>
    <ClCompile Include="..\src\plot\plhistplot.cpp">
      <Filter>plot\Sources</Filter>
    </ClCompile>
    <ClCompile Include="..\src\plot\pllineplot.cpp">
      <Filter>plot\Sources</Filter>
    </ClCompile>
    <ClCompile Include="..\src\plot\plplotctrl.cpp">
      <Filter>plot\Sources</Filter>
    </ClCompile>
    <ClCompile Include="..\src\plot\plscatterplot.cpp">
      <Filter>plot\Sources</Filter>
    </ClCompile>
    <ClCompile Include="..\src\ole\activex.cpp">
      <Filter>ole\Sources</Filter>
    </ClCompile>
    <ClCompile Include="..\src\ole\excelauto.cpp">
      <Filter>ole\Sources</Filter>
    </ClCompile>
    <ClCompile Include="..\src\ole\iehtmlwin.cpp">
      <Filter>ole\Sources</Filter>
    </ClCompile>
    <ClCompile Include="..\src\jsonreader.cpp">
      <Filter>wex\Sources</Filter>
    </ClCompile>
    <ClCompile Include="..\src\jsonval.cpp">
      <Filter>wex\Sources</Filter>
    </ClCompile>
    <ClCompile Include="..\src\jsonwriter.cpp">
      <Filter>wex\Sources</Filter>
    </ClCompile>
    <ClCompile Include="..\src\numeric.cpp">
      <Filter>wex\Sources</Filter>
    </ClCompile>
    <ClCompile Include="..\src\extgrid.cpp">
      <Filter>wex\Sources</Filter>
    </ClCompile>
    <ClCompile Include="..\src\codeedit.cpp">
      <Filter>wex\Sources</Filter>
    </ClCompile>
    <ClCompile Include="..\src\lkscript.cpp">
      <Filter>wex\Sources</Filter>
    </ClCompile>
    <ClCompile Include="..\src\utils.cpp">
      <Filter>wex\Sources</Filter>
    </ClCompile>
    <ClCompile Include="..\src\plot\plbarplot.cpp">
      <Filter>plot\Sources</Filter>
    </ClCompile>
    <ClCompile Include="..\src\diurnal.cpp">
      <Filter>wex\Sources</Filter>
    </ClCompile>
    <ClCompile Include="..\src\metro.cpp">
      <Filter>wex\Sources</Filter>
    </ClCompile>
    <ClCompile Include="..\src\uiform.cpp">
      <Filter>wex\Sources</Filter>
    </ClCompile>
    <ClCompile Include="..\src\exttext.cpp">
      <Filter>wex\Sources</Filter>
    </ClCompile>
    <ClCompile Include="..\src\label.cpp">
      <Filter>wex\Sources</Filter>
    </ClCompile>
    <ClCompile Include="..\src\radiochoice.cpp">
      <Filter>wex\Sources</Filter>
    </ClCompile>
    <ClCompile Include="..\src\csv.cpp">
      <Filter>wex\Sources</Filter>
    </ClCompile>
    <ClCompile Include="..\src\exttree.cpp">
      <Filter>wex\Sources</Filter>
    </ClCompile>
    <ClCompile Include="..\src\dview\dvfilereader.cpp">
      <Filter>dview\Sources</Filter>
    </ClCompile>
    <ClCompile Include="..\src\snaplay.cpp">
      <Filter>wex\Sources</Filter>
    </ClCompile>
    <ClCompile Include="..\src\pagelayout.cpp">
      <Filter>wex\Sources</Filter>
    </ClCompile>
    <ClCompile Include="..\src\pageobjects.cpp">
      <Filter>wex\Sources</Filter>
    </ClCompile>
    <ClCompile Include="..\src\dview\dvstatisticstablectrl.cpp">
      <Filter>dview\Sources</Filter>
    </ClCompile>
    <ClCompile Include="..\src\plot\plwindrose.cpp">
      <Filter>plot\Sources</Filter>
    </ClCompile>
    <ClCompile Include="..\src\tpdlg.cpp">
      <Filter>wex\Sources</Filter>
    </ClCompile>
    <ClCompile Include="..\src\plot\plcolourmap.cpp">
      <Filter>plot\Sources</Filter>
    </ClCompile>
    <ClCompile Include="..\src\mswfatal.cpp">
      <Filter>wex\Sources</Filter>
    </ClCompile>
    <ClCompile Include="..\src\dclatex.cpp">
      <Filter>wex\Sources</Filter>
    </ClCompile>
    <ClCompile Include="..\src\plot\plplot.cpp">
      <Filter>plot\Sources</Filter>
    </ClCompile>
    <ClCompile Include="..\src\plot\ploutdev.cpp">
      <Filter>plot\Sources</Filter>
    </ClCompile>
    <ClCompile Include="..\src\easycurl.cpp">
      <Filter>wex\Sources</Filter>
    </ClCompile>
    <ClCompile Include="..\src\plot\pltext.cpp">
      <Filter>plot\Sources</Filter>
    </ClCompile>
    <ClCompile Include="..\src\gleasy.cpp">
      <Filter>wex\Sources</Filter>
    </ClCompile>
    <ClCompile Include="..\src\plot\plcontourplot.cpp">
      <Filter>plot\Sources</Filter>
    </ClCompile>
    <ClCompile Include="..\src\plot\mplcontour.cpp">
      <Filter>plot\Sources</Filter>
    </ClCompile>
    <ClCompile Include="..\src\plot\qhull\geom.c">
      <Filter>plot\qhull</Filter>
    </ClCompile>
    <ClCompile Include="..\src\plot\qhull\geom2.c">
      <Filter>plot\qhull</Filter>
    </ClCompile>
    <ClCompile Include="..\src\plot\qhull\global.c">
      <Filter>plot\qhull</Filter>
    </ClCompile>
    <ClCompile Include="..\src\plot\qhull\io.c">
      <Filter>plot\qhull</Filter>
    </ClCompile>
    <ClCompile Include="..\src\plot\qhull\libqhull.c">
      <Filter>plot\qhull</Filter>
    </ClCompile>
    <ClCompile Include="..\src\plot\qhull\mem.c">
      <Filter>plot\qhull</Filter>
    </ClCompile>
    <ClCompile Include="..\src\plot\qhull\merge.c">
      <Filter>plot\qhull</Filter>
    </ClCompile>
    <ClCompile Include="..\src\plot\qhull\poly.c">
      <Filter>plot\qhull</Filter>
    </ClCompile>
    <ClCompile Include="..\src\plot\qhull\poly2.c">
      <Filter>plot\qhull</Filter>
    </ClCompile>
    <ClCompile Include="..\src\plot\qhull\qset.c">
      <Filter>plot\qhull</Filter>
    </ClCompile>
    <ClCompile Include="..\src\plot\qhull\random.c">
      <Filter>plot\qhull</Filter>
    </ClCompile>
    <ClCompile Include="..\src\plot\qhull\rboxlib.c">
      <Filter>plot\qhull</Filter>
    </ClCompile>
    <ClCompile Include="..\src\plot\qhull\stat.c">
      <Filter>plot\qhull</Filter>
    </ClCompile>
    <ClCompile Include="..\src\plot\qhull\user.c">
      <Filter>plot\qhull</Filter>
    </ClCompile>
    <ClCompile Include="..\src\plot\qhull\usermem.c">
      <Filter>plot\qhull</Filter>
    </ClCompile>
    <ClCompile Include="..\src\plot\qhull\userprintf.c">
      <Filter>plot\qhull</Filter>
    </ClCompile>
    <ClCompile Include="..\src\plot\qhull\userprintf_rbox.c">
      <Filter>plot\qhull</Filter>
    </ClCompile>
    <ClCompile Include="..\src\clipper\clipper.cpp">
      <Filter>clipper\Sources</Filter>
    </ClCompile>
    <ClCompile Include="..\src\plot\plsectorplot.cpp">
      <Filter>plot\Sources</Filter>
    </ClCompile>
    <ClCompile Include="..\src\freetype\src\cff\cff.c">
      <Filter>freetype</Filter>
    </ClCompile>
    <ClCompile Include="..\src\freetype\src\base\ftbase.c">
      <Filter>freetype</Filter>
    </ClCompile>
    <ClCompile Include="..\src\freetype\src\base\ftbbox.c">
      <Filter>freetype</Filter>
    </ClCompile>
    <ClCompile Include="..\src\freetype\src\base\ftbitmap.c">
      <Filter>freetype</Filter>
    </ClCompile>
    <ClCompile Include="..\src\freetype\src\base\ftfntfmt.c">
      <Filter>freetype</Filter>
    </ClCompile>
    <ClCompile Include="..\src\freetype\src\base\ftgasp.c">
      <Filter>freetype</Filter>
    </ClCompile>
    <ClCompile Include="..\src\freetype\src\base\ftglyph.c">
      <Filter>freetype</Filter>
    </ClCompile>
    <ClCompile Include="..\src\freetype\src\base\ftinit.c">
      <Filter>freetype</Filter>
    </ClCompile>
    <ClCompile Include="..\src\freetype\src\base\ftstroke.c">
      <Filter>freetype</Filter>
    </ClCompile>
    <ClCompile Include="..\src\freetype\src\base\ftsynth.c">
      <Filter>freetype</Filter>
    </ClCompile>
    <ClCompile Include="..\src\freetype\src\base\ftsystem.c">
      <Filter>freetype</Filter>
    </ClCompile>
    <ClCompile Include="..\src\freetype\src\base\fttype1.c">
      <Filter>freetype</Filter>
    </ClCompile>
    <ClCompile Include="..\src\freetype\src\psaux\psaux.c">
      <Filter>freetype</Filter>
    </ClCompile>
    <ClCompile Include="..\src\freetype\src\pshinter\pshinter.c">
      <Filter>freetype</Filter>
    </ClCompile>
    <ClCompile Include="..\src\freetype\src\psnames\psnames.c">
      <Filter>freetype</Filter>
    </ClCompile>
    <ClCompile Include="..\src\freetype\src\raster\raster.c">
      <Filter>freetype</Filter>
    </ClCompile>
    <ClCompile Include="..\src\freetype\src\sfnt\sfnt.c">
      <Filter>freetype</Filter>
    </ClCompile>
    <ClCompile Include="..\src\freetype\src\smooth\smooth.c">
      <Filter>freetype</Filter>
    </ClCompile>
    <ClCompile Include="..\src\freetype\src\truetype\truetype.c">
      <Filter>freetype</Filter>
    </ClCompile>
    <ClCompile Include="..\src\freetype\src\type1\type1.c">
      <Filter>freetype</Filter>
    </ClCompile>
    <ClCompile Include="..\src\freetype\src\cid\type1cid.c">
      <Filter>freetype</Filter>
    </ClCompile>
    <ClCompile Include="..\src\freetype\src\base\ftlcdfil.c">
      <Filter>freetype</Filter>
    </ClCompile>
    <ClCompile Include="..\src\plot\plannotation.cpp">
      <Filter>plot\Sources</Filter>
    </ClCompile>
    <ClCompile Include="..\src\registration.cpp">
      <Filter>wex\Sources</Filter>
    </ClCompile>
  </ItemGroup>
  <ItemGroup>
    <None Include="..\src\pdf\pdfcjkfontdata.inc">
      <Filter>pdf\Sources</Filter>
    </None>
    <None Include="..\src\pdf\pdfcmapdata.inc">
      <Filter>pdf\Sources</Filter>
    </None>
    <None Include="..\src\pdf\pdfcodepagedata.inc">
      <Filter>pdf\Sources</Filter>
    </None>
    <None Include="..\src\pdf\pdfcolourdata.inc">
      <Filter>pdf\Sources</Filter>
    </None>
    <None Include="..\src\pdf\pdfcorefontdata.inc">
      <Filter>pdf\Sources</Filter>
    </None>
    <None Include="..\src\pdf\pdfcorefontkerning.inc">
      <Filter>pdf\Sources</Filter>
    </None>
    <None Include="..\src\pdf\pdfglyphnames.inc">
      <Filter>pdf\Sources</Filter>
    </None>
  </ItemGroup>
  <ItemGroup>
    <Text Include="..\src\plot\qhull\COPYING.txt">
      <Filter>plot\qhull</Filter>
    </Text>
  </ItemGroup>
</Project>