<?xml version="1.0" encoding="utf-8"?>
<Project ToolsVersion="15.0" xmlns="http://schemas.microsoft.com/developer/msbuild/2003">
  <ItemGroup>
    <ClCompile Include="C:\SAM-Development\sam\ssc\ssc\cmod_6parsolve.cpp">
      <Filter>Source Files</Filter>
    </ClCompile>
    <ClCompile Include="C:\SAM-Development\sam\ssc\ssc\cmod_annualoutput.cpp">
      <Filter>Source Files</Filter>
    </ClCompile>
    <ClCompile Include="C:\SAM-Development\sam\ssc\ssc\cmod_battery.cpp">
      <Filter>Source Files</Filter>
    </ClCompile>
    <ClCompile Include="C:\SAM-Development\sam\ssc\ssc\cmod_battwatts.cpp">
      <Filter>Source Files</Filter>
    </ClCompile>
    <ClCompile Include="C:\SAM-Development\sam\ssc\ssc\cmod_belpe.cpp">
      <Filter>Source Files</Filter>
    </ClCompile>
    <ClCompile Include="C:\SAM-Development\sam\ssc\ssc\cmod_biomass.cpp">
      <Filter>Source Files</Filter>
    </ClCompile>
    <ClCompile Include="C:\SAM-Development\sam\ssc\ssc\cmod_cashloan.cpp">
      <Filter>Source Files</Filter>
    </ClCompile>
    <ClCompile Include="C:\SAM-Development\sam\ssc\ssc\cmod_cb_construction_financing.cpp">
      <Filter>Source Files</Filter>
    </ClCompile>
    <ClCompile Include="C:\SAM-Development\sam\ssc\ssc\cmod_cb_empirical_hce_heat_loss.cpp">
      <Filter>Source Files</Filter>
    </ClCompile>
    <ClCompile Include="C:\SAM-Development\sam\ssc\ssc\cmod_cb_mspt_system_costs.cpp">
      <Filter>Source Files</Filter>
    </ClCompile>
    <ClCompile Include="C:\SAM-Development\sam\ssc\ssc\cmod_dsg_flux_preprocess.cpp">
      <Filter>Source Files</Filter>
    </ClCompile>
    <ClCompile Include="C:\SAM-Development\sam\ssc\ssc\cmod_equpartflip.cpp">
      <Filter>Source Files</Filter>
    </ClCompile>
    <ClCompile Include="C:\SAM-Development\sam\ssc\ssc\cmod_fossilgen.cpp">
      <Filter>Source Files</Filter>
    </ClCompile>
    <ClCompile Include="C:\SAM-Development\sam\ssc\ssc\cmod_fuelcell.cpp">
      <Filter>Source Files</Filter>
    </ClCompile>
    <ClCompile Include="C:\SAM-Development\sam\ssc\ssc\cmod_generic_system.cpp">
      <Filter>Source Files</Filter>
    </ClCompile>
    <ClCompile Include="C:\SAM-Development\sam\ssc\ssc\cmod_geothermal.cpp">
      <Filter>Source Files</Filter>
    </ClCompile>
    <ClCompile Include="C:\SAM-Development\sam\ssc\ssc\cmod_geothermal_costs.cpp">
      <Filter>Source Files</Filter>
    </ClCompile>
    <ClCompile Include="C:\SAM-Development\sam\ssc\ssc\cmod_grid.cpp">
      <Filter>Source Files</Filter>
    </ClCompile>
    <ClCompile Include="C:\SAM-Development\sam\ssc\ssc\cmod_hcpv.cpp">
      <Filter>Source Files</Filter>
    </ClCompile>
    <ClCompile Include="C:\SAM-Development\sam\ssc\ssc\cmod_host_developer.cpp">
      <Filter>Source Files</Filter>
    </ClCompile>
    <ClCompile Include="C:\SAM-Development\sam\ssc\ssc\cmod_iec61853par.cpp">
      <Filter>Source Files</Filter>
    </ClCompile>
    <ClCompile Include="C:\SAM-Development\sam\ssc\ssc\cmod_inv_cec_cg.cpp">
      <Filter>Source Files</Filter>
    </ClCompile>
    <ClCompile Include="C:\SAM-Development\sam\ssc\ssc\cmod_iph_to_lcoefcr.cpp">
      <Filter>Source Files</Filter>
    </ClCompile>
    <ClCompile Include="C:\SAM-Development\sam\ssc\ssc\cmod_ippppa.cpp">
      <Filter>Source Files</Filter>
    </ClCompile>
    <ClCompile Include="C:\SAM-Development\sam\ssc\ssc\cmod_irradproc.cpp">
      <Filter>Source Files</Filter>
    </ClCompile>
    <ClCompile Include="C:\SAM-Development\sam\ssc\ssc\cmod_iscc_design_point.cpp">
      <Filter>Source Files</Filter>
    </ClCompile>
    <ClCompile Include="C:\SAM-Development\sam\ssc\ssc\cmod_layoutarea.cpp">
      <Filter>Source Files</Filter>
    </ClCompile>
    <ClCompile Include="C:\SAM-Development\sam\ssc\ssc\cmod_lcoefcr.cpp">
      <Filter>Source Files</Filter>
    </ClCompile>
    <ClCompile Include="C:\SAM-Development\sam\ssc\ssc\cmod_levpartflip.cpp">
      <Filter>Source Files</Filter>
    </ClCompile>
    <ClCompile Include="C:\SAM-Development\sam\ssc\ssc\cmod_linear_fresnel_dsg_iph.cpp">
      <Filter>Source Files</Filter>
    </ClCompile>
    <ClCompile Include="C:\SAM-Development\sam\ssc\ssc\cmod_mhk_wave.cpp">
      <Filter>Source Files</Filter>
    </ClCompile>
    <ClCompile Include="C:\SAM-Development\sam\ssc\ssc\cmod_mhk_tidal.cpp">
      <Filter>Source Files</Filter>
    </ClCompile>
    <ClCompile Include="C:\SAM-Development\sam\ssc\ssc\cmod_poacalib.cpp">
      <Filter>Source Files</Filter>
    </ClCompile>
    <ClCompile Include="C:\SAM-Development\sam\ssc\ssc\cmod_pv6parmod.cpp">
      <Filter>Source Files</Filter>
    </ClCompile>
    <ClCompile Include="C:\SAM-Development\sam\ssc\ssc\cmod_pv_get_shade_loss_mpp.cpp">
      <Filter>Source Files</Filter>
    </ClCompile>
    <ClCompile Include="C:\SAM-Development\sam\ssc\ssc\cmod_pvsamv1.cpp">
      <Filter>Source Files</Filter>
    </ClCompile>
    <ClCompile Include="C:\SAM-Development\sam\ssc\ssc\cmod_pvsandiainv.cpp">
      <Filter>Source Files</Filter>
    </ClCompile>
    <ClCompile Include="C:\SAM-Development\sam\ssc\ssc\cmod_pvwattsv0.cpp">
      <Filter>Source Files</Filter>
    </ClCompile>
    <ClCompile Include="C:\SAM-Development\sam\ssc\ssc\cmod_pvwattsv1.cpp">
      <Filter>Source Files</Filter>
    </ClCompile>
    <ClCompile Include="C:\SAM-Development\sam\ssc\ssc\cmod_pvwattsv1_1ts.cpp">
      <Filter>Source Files</Filter>
    </ClCompile>
    <ClCompile Include="C:\SAM-Development\sam\ssc\ssc\cmod_pvwattsv1_poa.cpp">
      <Filter>Source Files</Filter>
    </ClCompile>
    <ClCompile Include="C:\SAM-Development\sam\ssc\ssc\cmod_pvwattsv5.cpp">
      <Filter>Source Files</Filter>
    </ClCompile>
    <ClCompile Include="C:\SAM-Development\sam\ssc\ssc\cmod_saleleaseback.cpp">
      <Filter>Source Files</Filter>
    </ClCompile>
    <ClCompile Include="C:\SAM-Development\sam\ssc\ssc\cmod_sco2_air_cooler.cpp">
      <Filter>Source Files</Filter>
    </ClCompile>
    <ClCompile Include="C:\SAM-Development\sam\ssc\ssc\cmod_sco2_csp_system.cpp">
      <Filter>Source Files</Filter>
    </ClCompile>
    <ClCompile Include="C:\SAM-Development\sam\ssc\ssc\cmod_sco2_csp_ud_pc_tables.cpp">
      <Filter>Source Files</Filter>
    </ClCompile>
    <ClCompile Include="C:\SAM-Development\sam\ssc\ssc\cmod_sco2_design_cycle.cpp">
      <Filter>Source Files</Filter>
    </ClCompile>
    <ClCompile Include="C:\SAM-Development\sam\ssc\ssc\cmod_sco2_design_point.cpp">
      <Filter>Source Files</Filter>
    </ClCompile>
    <ClCompile Include="C:\SAM-Development\sam\ssc\ssc\cmod_singlediode.cpp">
      <Filter>Source Files</Filter>
    </ClCompile>
    <ClCompile Include="C:\SAM-Development\sam\ssc\ssc\cmod_singleowner.cpp">
      <Filter>Source Files</Filter>
    </ClCompile>
    <ClCompile Include="C:\SAM-Development\sam\ssc\ssc\cmod_snowmodel.cpp">
      <Filter>Source Files</Filter>
    </ClCompile>
    <ClCompile Include="C:\SAM-Development\sam\ssc\ssc\cmod_solarpilot.cpp">
      <Filter>Source Files</Filter>
    </ClCompile>
    <ClCompile Include="C:\SAM-Development\sam\ssc\ssc\cmod_swh.cpp">
      <Filter>Source Files</Filter>
    </ClCompile>
    <ClCompile Include="C:\SAM-Development\sam\ssc\ssc\cmod_tcsdirect_steam.cpp">
      <Filter>Source Files</Filter>
    </ClCompile>
    <ClCompile Include="C:\SAM-Development\sam\ssc\ssc\cmod_tcsdish.cpp">
      <Filter>Source Files</Filter>
    </ClCompile>
    <ClCompile Include="C:\SAM-Development\sam\ssc\ssc\cmod_tcsgeneric_solar.cpp">
      <Filter>Source Files</Filter>
    </ClCompile>
    <ClCompile Include="C:\SAM-Development\sam\ssc\ssc\cmod_tcsiscc.cpp">
      <Filter>Source Files</Filter>
    </ClCompile>
    <ClCompile Include="C:\SAM-Development\sam\ssc\ssc\cmod_tcslinear_fresnel.cpp">
      <Filter>Source Files</Filter>
    </ClCompile>
    <ClCompile Include="C:\SAM-Development\sam\ssc\ssc\cmod_tcsmolten_salt.cpp">
      <Filter>Source Files</Filter>
    </ClCompile>
    <ClCompile Include="C:\SAM-Development\sam\ssc\ssc\cmod_tcsmslf.cpp">
      <Filter>Source Files</Filter>
    </ClCompile>
    <ClCompile Include="C:\SAM-Development\sam\ssc\ssc\cmod_tcstrough_empirical.cpp">
      <Filter>Source Files</Filter>
    </ClCompile>
    <ClCompile Include="C:\SAM-Development\sam\ssc\ssc\cmod_tcstrough_physical.cpp">
      <Filter>Source Files</Filter>
    </ClCompile>
    <ClCompile Include="C:\SAM-Development\sam\ssc\ssc\cmod_tcstrough_physical_csp_solver.cpp">
      <Filter>Source Files</Filter>
    </ClCompile>
    <ClCompile Include="C:\SAM-Development\sam\ssc\ssc\cmod_thermalrate.cpp">
      <Filter>Source Files</Filter>
    </ClCompile>
    <ClCompile Include="C:\SAM-Development\sam\ssc\ssc\cmod_thirdpartyownership.cpp">
      <Filter>Source Files</Filter>
    </ClCompile>
    <ClCompile Include="C:\SAM-Development\sam\ssc\ssc\cmod_timeseq.cpp">
      <Filter>Source Files</Filter>
    </ClCompile>
    <ClCompile Include="C:\SAM-Development\sam\ssc\ssc\cmod_trough_physical.cpp">
      <Filter>Source Files</Filter>
    </ClCompile>
    <ClCompile Include="C:\SAM-Development\sam\ssc\ssc\cmod_trough_physical_iph.cpp">
      <Filter>Source Files</Filter>
    </ClCompile>
    <ClCompile Include="C:\SAM-Development\sam\ssc\ssc\cmod_ui_tes_calcs.cpp">
      <Filter>Source Files</Filter>
    </ClCompile>
    <ClCompile Include="C:\SAM-Development\sam\ssc\ssc\cmod_user_htf_comparison.cpp">
      <Filter>Source Files</Filter>
    </ClCompile>
    <ClCompile Include="C:\SAM-Development\sam\ssc\ssc\cmod_utilityrate.cpp">
      <Filter>Source Files</Filter>
    </ClCompile>
    <ClCompile Include="C:\SAM-Development\sam\ssc\ssc\cmod_utilityrate2.cpp">
      <Filter>Source Files</Filter>
    </ClCompile>
    <ClCompile Include="C:\SAM-Development\sam\ssc\ssc\cmod_utilityrate3.cpp">
      <Filter>Source Files</Filter>
    </ClCompile>
    <ClCompile Include="C:\SAM-Development\sam\ssc\ssc\cmod_utilityrate4.cpp">
      <Filter>Source Files</Filter>
    </ClCompile>
    <ClCompile Include="C:\SAM-Development\sam\ssc\ssc\cmod_utilityrate5.cpp">
      <Filter>Source Files</Filter>
    </ClCompile>
    <ClCompile Include="C:\SAM-Development\sam\ssc\ssc\cmod_wfcheck.cpp">
      <Filter>Source Files</Filter>
    </ClCompile>
    <ClCompile Include="C:\SAM-Development\sam\ssc\ssc\cmod_wfcsv.cpp">
      <Filter>Source Files</Filter>
    </ClCompile>
    <ClCompile Include="C:\SAM-Development\sam\ssc\ssc\cmod_wfreader.cpp">
      <Filter>Source Files</Filter>
    </ClCompile>
    <ClCompile Include="C:\SAM-Development\sam\ssc\ssc\cmod_wind_obos.cpp">
      <Filter>Source Files</Filter>
    </ClCompile>
    <ClCompile Include="C:\SAM-Development\sam\ssc\ssc\cmod_windbos.cpp">
      <Filter>Source Files</Filter>
    </ClCompile>
    <ClCompile Include="C:\SAM-Development\sam\ssc\ssc\cmod_windcsm.cpp">
      <Filter>Source Files</Filter>
    </ClCompile>
    <ClCompile Include="C:\SAM-Development\sam\ssc\ssc\cmod_windfile.cpp">
      <Filter>Source Files</Filter>
    </ClCompile>
    <ClCompile Include="C:\SAM-Development\sam\ssc\ssc\cmod_windpower.cpp">
      <Filter>Source Files</Filter>
    </ClCompile>
    <ClCompile Include="C:\SAM-Development\sam\ssc\ssc\cmod_windpower_eqns.cpp">
      <Filter>Source Files</Filter>
    </ClCompile>
    <ClCompile Include="C:\SAM-Development\sam\ssc\ssc\common.cpp">
      <Filter>Source Files</Filter>
    </ClCompile>
    <ClCompile Include="C:\SAM-Development\sam\ssc\ssc\common_financial.cpp">
      <Filter>Source Files</Filter>
    </ClCompile>
    <ClCompile Include="C:\SAM-Development\sam\ssc\ssc\core.cpp">
      <Filter>Source Files</Filter>
    </ClCompile>
    <ClCompile Include="C:\SAM-Development\sam\ssc\ssc\csp_common.cpp">
      <Filter>Source Files</Filter>
    </ClCompile>
    <ClCompile Include="C:\SAM-Development\sam\ssc\ssc\sscapi.cpp">
      <Filter>Source Files</Filter>
    </ClCompile>
    <ClCompile Include="C:\SAM-Development\sam\ssc\ssc\tckernel.cpp">
      <Filter>Source Files</Filter>
    </ClCompile>
    <ClCompile Include="C:\SAM-Development\sam\ssc\ssc\vartab.cpp">
      <Filter>Source Files</Filter>
    </ClCompile>
  </ItemGroup>
  <ItemGroup>
    <CustomBuild Include="C:\SAM-Development\sam\ssc\ssc\CMakeLists.txt" />
  </ItemGroup>
  <ItemGroup>
    <Filter Include="Source Files">
      <UniqueIdentifier>{582DB3CE-CCD2-351C-A2DF-16A8689AD4CC}</UniqueIdentifier>
    </Filter>
  </ItemGroup>
</Project>
