<?xml version="1.0" encoding="utf-8"?>
<Project ToolsVersion="4.0" xmlns="http://schemas.microsoft.com/developer/msbuild/2003">
  <ItemGroup>
    <Filter Include="Resource">
      <UniqueIdentifier>{a6b8f0e6-ef50-4be8-9b46-d82bf60655aa}</UniqueIdentifier>
    </Filter>
    <Filter Include="Source">
      <UniqueIdentifier>{92d77524-38d0-4549-ad6d-93891947e5fa}</UniqueIdentifier>
    </Filter>
  </ItemGroup>
  <ItemGroup>
    <ResourceCompile Include="SAM.rc">
      <Filter>Resource</Filter>
    </ResourceCompile>
  </ItemGroup>
  <ItemGroup>
    <ClInclude Include="..\src\welcome.h">
      <Filter>Source</Filter>
    </ClInclude>
    <ClInclude Include="..\src\main.h">
      <Filter>Source</Filter>
    </ClInclude>
    <ClInclude Include="..\src\simplecurl.h">
      <Filter>Source</Filter>
    </ClInclude>
    <ClInclude Include="..\src\project.h">
      <Filter>Source</Filter>
    </ClInclude>
    <ClInclude Include="..\src\object.h">
      <Filter>Source</Filter>
    </ClInclude>
    <ClInclude Include="..\src\equation.h">
      <Filter>Source</Filter>
    </ClInclude>
    <ClInclude Include="..\src\uiview.h">
      <Filter>Source</Filter>
    </ClInclude>
    <ClInclude Include="..\src\uiwidgets.h">
      <Filter>Source</Filter>
    </ClInclude>
    <ClInclude Include="..\src\variables.h">
      <Filter>Source</Filter>
    </ClInclude>
    <ClInclude Include="..\src\case.h">
      <Filter>Source</Filter>
    </ClInclude>
    <ClInclude Include="..\src\ide.h">
      <Filter>Source</Filter>
    </ClInclude>
    <ClInclude Include="..\src\casewin.h">
      <Filter>Source</Filter>
    </ClInclude>
    <ClInclude Include="..\src\ipagelist.h">
      <Filter>Source</Filter>
    </ClInclude>
    <ClInclude Include="..\src\basecase.h">
      <Filter>Source</Filter>
    </ClInclude>
  </ItemGroup>
  <ItemGroup>
    <ClCompile Include="..\src\welcome.cpp">
      <Filter>Source</Filter>
    </ClCompile>
    <ClCompile Include="..\src\main.cpp">
      <Filter>Source</Filter>
    </ClCompile>
    <ClCompile Include="..\src\simplecurl.cpp">
      <Filter>Source</Filter>
    </ClCompile>
    <ClCompile Include="..\src\project.cpp">
      <Filter>Source</Filter>
    </ClCompile>
    <ClCompile Include="..\src\object.cpp">
      <Filter>Source</Filter>
    </ClCompile>
    <ClCompile Include="..\src\equation.cpp">
      <Filter>Source</Filter>
    </ClCompile>
    <ClCompile Include="..\src\uiview.cpp">
      <Filter>Source</Filter>
    </ClCompile>
    <ClCompile Include="..\src\uiwidgets.cpp">
      <Filter>Source</Filter>
    </ClCompile>
    <ClCompile Include="..\src\variables.cpp">
      <Filter>Source</Filter>
    </ClCompile>
    <ClCompile Include="..\src\case.cpp">
      <Filter>Source</Filter>
    </ClCompile>
    <ClCompile Include="..\src\ide.cpp">
      <Filter>Source</Filter>
    </ClCompile>
    <ClCompile Include="..\src\casewin.cpp">
      <Filter>Source</Filter>
    </ClCompile>
    <ClCompile Include="..\src\ipagelist.cpp">
      <Filter>Source</Filter>
    </ClCompile>
    <ClCompile Include="..\src\basecase.cpp">
      <Filter>Source</Filter>
    </ClCompile>
  </ItemGroup>
</Project>