<?xml version="1.0" encoding="utf-8"?>
<Project ToolsVersion="4.0" xmlns="http://schemas.microsoft.com/developer/msbuild/2003">
  <ItemGroup>
    <Filter Include="Resource">
      <UniqueIdentifier>{a6b8f0e6-ef50-4be8-9b46-d82bf60655aa}</UniqueIdentifier>
    </Filter>
    <Filter Include="Source">
      <UniqueIdentifier>{92d77524-38d0-4549-ad6d-93891947e5fa}</UniqueIdentifier>
    </Filter>
  </ItemGroup>
  <ItemGroup>
    <ResourceCompile Include="SAM.rc">
      <Filter>Resource</Filter>
    </ResourceCompile>
  </ItemGroup>
  <ItemGroup>
    <ClInclude Include="..\src\welcome.h">
      <Filter>Source</Filter>
    </ClInclude>
    <ClInclude Include="..\src\main.h">
      <Filter>Source</Filter>
    </ClInclude>
    <ClInclude Include="..\src\simplecurl.h">
      <Filter>Source</Filter>
    </ClInclude>
    <ClInclude Include="..\src\project.h">
      <Filter>Source</Filter>
    </ClInclude>
    <ClInclude Include="..\src\object.h">
      <Filter>Source</Filter>
    </ClInclude>
    <ClInclude Include="..\src\variables.h">
      <Filter>Source</Filter>
    </ClInclude>
    <ClInclude Include="..\src\case.h">
      <Filter>Source</Filter>
    </ClInclude>
    <ClInclude Include="..\src\ide.h">
      <Filter>Source</Filter>
    </ClInclude>
    <ClInclude Include="..\src\casewin.h">
      <Filter>Source</Filter>
    </ClInclude>
    <ClInclude Include="..\src\ipagelist.h">
      <Filter>Source</Filter>
    </ClInclude>
    <ClInclude Include="..\src\results.h">
      <Filter>Source</Filter>
    </ClInclude>
    <ClInclude Include="..\src\equations.h">
      <Filter>Source</Filter>
    </ClInclude>
    <ClInclude Include="..\src\inputpage.h">
      <Filter>Source</Filter>
    </ClInclude>
    <ClInclude Include="..\src\invoke.h">
      <Filter>Source</Filter>
    </ClInclude>
    <ClInclude Include="..\src\ptlayoutctrl.h">
      <Filter>Source</Filter>
    </ClInclude>
    <ClInclude Include="..\src\materials.h">
      <Filter>Source</Filter>
    </ClInclude>
    <ClInclude Include="..\src\troughloop.h">
      <Filter>Source</Filter>
    </ClInclude>
    <ClInclude Include="..\src\shadingfactors.h">
      <Filter>Source</Filter>
    </ClInclude>
    <ClInclude Include="..\src\library.h">
      <Filter>Source</Filter>
    </ClInclude>
    <ClInclude Include="..\src\simulation.h">
      <Filter>Source</Filter>
    </ClInclude>
    <ClInclude Include="..\src\defaultsmanager.h">
      <Filter>Source</Filter>
    </ClInclude>
    <ClInclude Include="..\src\graph.h">
      <Filter>Source</Filter>
    </ClInclude>
    <ClInclude Include="..\src\uiobjects.h">
      <Filter>Source</Filter>
    </ClInclude>
    <ClInclude Include="..\src\widgets.h">
      <Filter>Source</Filter>
    </ClInclude>
    <ClInclude Include="..\src\adjfac.h">
      <Filter>Source</Filter>
    </ClInclude>
    <ClInclude Include="..\src\variablegrid.h">
      <Filter>Source</Filter>
    </ClInclude>
    <ClInclude Include="..\src\reports.h">
      <Filter>Source</Filter>
    </ClInclude>
    <ClInclude Include="..\src\excelexch.h">
      <Filter>Source</Filter>
    </ClInclude>
    <ClInclude Include="..\src\parametric.h">
      <Filter>Source</Filter>
    </ClInclude>
  </ItemGroup>
  <ItemGroup>
    <ClCompile Include="..\src\welcome.cpp">
      <Filter>Source</Filter>
    </ClCompile>
    <ClCompile Include="..\src\main.cpp">
      <Filter>Source</Filter>
    </ClCompile>
    <ClCompile Include="..\src\simplecurl.cpp">
      <Filter>Source</Filter>
    </ClCompile>
    <ClCompile Include="..\src\project.cpp">
      <Filter>Source</Filter>
    </ClCompile>
    <ClCompile Include="..\src\object.cpp">
      <Filter>Source</Filter>
    </ClCompile>
    <ClCompile Include="..\src\variables.cpp">
      <Filter>Source</Filter>
    </ClCompile>
    <ClCompile Include="..\src\case.cpp">
      <Filter>Source</Filter>
    </ClCompile>
    <ClCompile Include="..\src\ide.cpp">
      <Filter>Source</Filter>
    </ClCompile>
    <ClCompile Include="..\src\casewin.cpp">
      <Filter>Source</Filter>
    </ClCompile>
    <ClCompile Include="..\src\ipagelist.cpp">
      <Filter>Source</Filter>
    </ClCompile>
    <ClCompile Include="..\src\results.cpp">
      <Filter>Source</Filter>
    </ClCompile>
    <ClCompile Include="..\src\equations.cpp">
      <Filter>Source</Filter>
    </ClCompile>
    <ClCompile Include="..\src\inputpage.cpp">
      <Filter>Source</Filter>
    </ClCompile>
    <ClCompile Include="..\src\invoke.cpp">
      <Filter>Source</Filter>
    </ClCompile>
    <ClCompile Include="..\src\ptlayoutctrl.cpp">
      <Filter>Source</Filter>
    </ClCompile>
    <ClCompile Include="..\src\materials.cpp">
      <Filter>Source</Filter>
    </ClCompile>
    <ClCompile Include="..\src\troughloop.cpp">
      <Filter>Source</Filter>
    </ClCompile>
    <ClCompile Include="..\src\shadingfactors.cpp">
      <Filter>Source</Filter>
    </ClCompile>
    <ClCompile Include="..\src\library.cpp">
      <Filter>Source</Filter>
    </ClCompile>
    <ClCompile Include="..\src\simulation.cpp">
      <Filter>Source</Filter>
    </ClCompile>
    <ClCompile Include="..\src\defaultsmanager.cpp">
      <Filter>Source</Filter>
    </ClCompile>
    <ClCompile Include="..\src\graph.cpp">
      <Filter>Source</Filter>
    </ClCompile>
    <ClCompile Include="..\src\uiobjects.cpp">
      <Filter>Source</Filter>
    </ClCompile>
    <ClCompile Include="..\src\widgets.cpp">
      <Filter>Source</Filter>
    </ClCompile>
    <ClCompile Include="..\src\adjfac.cpp">
      <Filter>Source</Filter>
    </ClCompile>
    <ClCompile Include="..\src\variablegrid.cpp">
      <Filter>Source</Filter>
    </ClCompile>
    <ClCompile Include="..\src\reports.cpp">
      <Filter>Source</Filter>
    </ClCompile>
    <ClCompile Include="..\src\excelexch.cpp">
      <Filter>Source</Filter>
    </ClCompile>
    <ClCompile Include="..\src\parametric.cpp">
      <Filter>Source</Filter>
    </ClCompile>
  </ItemGroup>
</Project>