<?xml version="1.0" encoding="utf-8"?>
<Project ToolsVersion="4.0" xmlns="http://schemas.microsoft.com/developer/msbuild/2003">
  <ItemGroup>
    <Filter Include="Source Files">
      <UniqueIdentifier>{4FC737F1-C7A5-4376-A066-2A32D752A2FF}</UniqueIdentifier>
      <Extensions>cpp;c;cc;cxx;def;odl;idl;hpj;bat;asm;asmx</Extensions>
    </Filter>
    <Filter Include="Resource Files">
      <UniqueIdentifier>{67DA6AB6-F800-4c08-8B7A-83BB121AAD01}</UniqueIdentifier>
      <Extensions>rc;ico;cur;bmp;dlg;rc2;rct;bin;rgs;gif;jpg;jpeg;jpe;resx;tiff;tif;png;wav;mfcribbon-ms</Extensions>
    </Filter>
  </ItemGroup>
  <ItemGroup>
    <ClCompile Include="..\..\api_autogen\builder_generator.cpp">
      <Filter>Source Files</Filter>
    </ClCompile>
    <ClCompile Include="..\..\api_autogen\builder_generator_helper.cpp">
      <Filter>Source Files</Filter>
    </ClCompile>
    <ClCompile Include="..\..\api_autogen\callback_extractor.cpp">
      <Filter>Source Files</Filter>
    </ClCompile>
    <ClCompile Include="..\..\api_autogen\config_extractor.cpp">
      <Filter>Source Files</Filter>
    </ClCompile>
    <ClCompile Include="..\..\api_autogen\data_structures.cpp">
      <Filter>Source Files</Filter>
    </ClCompile>
    <ClCompile Include="..\..\api_autogen\equation_extractor.cpp">
      <Filter>Source Files</Filter>
    </ClCompile>
    <ClCompile Include="..\..\api_autogen\export_config.cpp">
      <Filter>Source Files</Filter>
    </ClCompile>
    <ClCompile Include="..\..\api_autogen\lk_eval.cpp">
      <Filter>Source Files</Filter>
    </ClCompile>
    <ClCompile Include="..\..\api_autogen\SAM_error.cpp">
      <Filter>Source Files</Filter>
    </ClCompile>
    <ClCompile Include="..\..\api_autogen\startup_extractor.cpp">
      <Filter>Source Files</Filter>
    </ClCompile>
    <ClCompile Include="..\..\api_autogen\ui_form_extractor.cpp">
      <Filter>Source Files</Filter>
    </ClCompile>
    <ClCompile Include="..\..\api_autogen\variable_graph.cpp">
      <Filter>Source Files</Filter>
    </ClCompile>
  </ItemGroup>
  <ItemGroup>
    <ClInclude Include="..\..\api_autogen\builder_generator.h">
      <Filter>Source Files</Filter>
    </ClInclude>
    <ClInclude Include="..\..\api_autogen\builder_generator_helper.h">
      <Filter>Source Files</Filter>
    </ClInclude>
    <ClInclude Include="..\..\api_autogen\callback_extractor.h">
      <Filter>Source Files</Filter>
    </ClInclude>
    <ClInclude Include="..\..\api_autogen\config_extractor.h">
      <Filter>Source Files</Filter>
    </ClInclude>
    <ClInclude Include="..\..\api_autogen\data_structures.h">
      <Filter>Source Files</Filter>
    </ClInclude>
    <ClInclude Include="..\..\api_autogen\equation_extractor.h">
      <Filter>Source Files</Filter>
    </ClInclude>
    <ClInclude Include="..\..\api_autogen\export_config.h">
      <Filter>Source Files</Filter>
    </ClInclude>
    <ClInclude Include="..\..\api_autogen\lk_env.h">
      <Filter>Source Files</Filter>
    </ClInclude>
    <ClInclude Include="..\..\api_autogen\lk_eval.h">
      <Filter>Source Files</Filter>
    </ClInclude>
    <ClInclude Include="..\..\api_autogen\sam_api.h">
      <Filter>Source Files</Filter>
    </ClInclude>
    <ClInclude Include="..\..\api_autogen\startup_extractor.h">
      <Filter>Source Files</Filter>
    </ClInclude>
    <ClInclude Include="..\..\api_autogen\ui_form_extractor.h">
      <Filter>Source Files</Filter>
    </ClInclude>
    <ClInclude Include="..\..\api_autogen\variable_graph.h">
      <Filter>Source Files</Filter>
    </ClInclude>
  </ItemGroup>
  <ItemGroup>
    <None Include="..\..\api_autogen\output_export.py">
      <Filter>Source Files</Filter>
    </None>
  </ItemGroup>
</Project>