
Microsoft Visual Studio Solution File, Format Version 10.00
# Visual Studio 2008
Project("{6989167D-11E4-40FE-8C1A-2192A86A7E90}") = "lhsivf", "lhsivf\lhsivf.vfproj", "{FF44AB3E-8D10-421D-A3C1-D93A3B94367B}"
EndProject
Global
	GlobalSection(SolutionConfigurationPlatforms) = preSolution
		Debug|Win32 = Debug|Win32
		Release|Win32 = Release|Win32
	EndGlobalSection
	GlobalSection(ProjectConfigurationPlatforms) = postSolution
		{FF44AB3E-8D10-421D-A3C1-D93A3B94367B}.Debug|Win32.ActiveCfg = Debug|Win32
		{FF44AB3E-8D10-421D-A3C1-D93A3B94367B}.Debug|Win32.Build.0 = Debug|Win32
		{FF44AB3E-8D10-421D-A3C1-D93A3B94367B}.Release|Win32.ActiveCfg = Release|Win32
		{FF44AB3E-8D10-421D-A3C1-D93A3B94367B}.Release|Win32.Build.0 = Release|Win32
	EndGlobalSection
	GlobalSection(SolutionProperties) = preSolution
		HideSolutionNode = FALSE
	EndGlobalSection
EndGlobal
